
Microsoft Visual Studio Solution File, Format Version 12.00
# Visual Studio Version 17
VisualStudioVersion = 17.1.32319.34
MinimumVisualStudioVersion = 10.0.40219.1
Project("{FAE04EC0-301F-11D3-BF4B-00C04F79EFBC}") = "LogicalPrograms", "LogicalPrograms.csproj", "{AEF512C2-E567-4C8F-AB3F-B8D9F6812D97}"
EndProject
Global
	GlobalSection(SolutionConfigurationPlatforms) = preSolution
		Debug|Any CPU = Debug|Any CPU
		Release|Any CPU = Release|Any CPU
	EndGlobalSection
	GlobalSection(ProjectConfigurationPlatforms) = postSolution
		{AEF512C2-E567-4C8F-AB3F-B8D9F6812D97}.Debug|Any CPU.ActiveCfg = Debug|Any CPU
		{AEF512C2-E567-4C8F-AB3F-B8D9F6812D97}.Debug|Any CPU.Build.0 = Debug|Any CPU
		{AEF512C2-E567-4C8F-AB3F-B8D9F6812D97}.Release|Any CPU.ActiveCfg = Release|Any CPU
		{AEF512C2-E567-4C8F-AB3F-B8D9F6812D97}.Release|Any CPU.Build.0 = Release|Any CPU
	EndGlobalSection
	GlobalSection(SolutionProperties) = preSolution
		HideSolutionNode = FALSE
	EndGlobalSection
	GlobalSection(ExtensibilityGlobals) = postSolution
		SolutionGuid = {B88349E7-467C-4140-92CA-82843657F355}
	EndGlobalSection
EndGlobal
